// !$*UTF8*$!
{
	archiveVersion = 1;
	classes = {
	};
	objectVersion = 46;
	objects = {

/* Begin PBXBuildFile section */
		5E74481F1B084A55000C6CE9 /* AppDelegate.swift in Sources */ = {isa = PBXBuildFile; fileRef = 5E74481E1B084A55000C6CE9 /* AppDelegate.swift */; };
		5E7448211B084A55000C6CE9 /* ViewController.swift in Sources */ = {isa = PBXBuildFile; fileRef = 5E7448201B084A55000C6CE9 /* ViewController.swift */; };
		5E7448241B084A55000C6CE9 /* Main.storyboard in Resources */ = {isa = PBXBuildFile; fileRef = 5E7448221B084A55000C6CE9 /* Main.storyboard */; };
		5E7448261B084A55000C6CE9 /* Images.xcassets in Resources */ = {isa = PBXBuildFile; fileRef = 5E7448251B084A55000C6CE9 /* Images.xcassets */; };
		5E7448291B084A55000C6CE9 /* LaunchScreen.xib in Resources */ = {isa = PBXBuildFile; fileRef = 5E7448271B084A55000C6CE9 /* LaunchScreen.xib */; };
		5E7448351B084A55000C6CE9 /* TableViewSpikeTests.swift in Sources */ = {isa = PBXBuildFile; fileRef = 5E7448341B084A55000C6CE9 /* TableViewSpikeTests.swift */; };
		5E7448411B0A36F0000C6CE9 /* ProgTableViewProgCellViewController.swift in Sources */ = {isa = PBXBuildFile; fileRef = 5E7448401B0A36F0000C6CE9 /* ProgTableViewProgCellViewController.swift */; };
		5E7448431B0A3757000C6CE9 /* Model.swift in Sources */ = {isa = PBXBuildFile; fileRef = 5E7448421B0A3757000C6CE9 /* Model.swift */; };
		5E7448451B0A3F38000C6CE9 /* ProgCell.swift in Sources */ = {isa = PBXBuildFile; fileRef = 5E7448441B0A3F38000C6CE9 /* ProgCell.swift */; };
		5E7448471B0A3F84000C6CE9 /* NibContentView.xib in Resources */ = {isa = PBXBuildFile; fileRef = 5E7448461B0A3F84000C6CE9 /* NibContentView.xib */; };
		5E74484A1B0A4E21000C6CE9 /* NibContentView.swift in Sources */ = {isa = PBXBuildFile; fileRef = 5E7448491B0A4E21000C6CE9 /* NibContentView.swift */; };
		5E74484C1B0AB097000C6CE9 /* NibContainingTableViewCell.swift in Sources */ = {isa = PBXBuildFile; fileRef = 5E74484B1B0AB097000C6CE9 /* NibContainingTableViewCell.swift */; };
		5E7448501B0AB98D000C6CE9 /* NibBasedTableViewCell.xib in Resources */ = {isa = PBXBuildFile; fileRef = 5E74484F1B0AB98D000C6CE9 /* NibBasedTableViewCell.xib */; };
		5E7448521B0ABA19000C6CE9 /* NibBasedTableViewCell.swift in Sources */ = {isa = PBXBuildFile; fileRef = 5E7448511B0ABA19000C6CE9 /* NibBasedTableViewCell.swift */; };
		5E7448561B0ABD15000C6CE9 /* TableViewStoryboard.storyboard in Resources */ = {isa = PBXBuildFile; fileRef = 5E7448551B0ABD15000C6CE9 /* TableViewStoryboard.storyboard */; };
		5E74485A1B0AEC5D000C6CE9 /* StoryboardTableViewCell.swift in Sources */ = {isa = PBXBuildFile; fileRef = 5E7448591B0AEC5D000C6CE9 /* StoryboardTableViewCell.swift */; };
/* End PBXBuildFile section */

/* Begin PBXContainerItemProxy section */
		5E74482F1B084A55000C6CE9 /* PBXContainerItemProxy */ = {
			isa = PBXContainerItemProxy;
			containerPortal = 5E7448111B084A55000C6CE9 /* Project object */;
			proxyType = 1;
			remoteGlobalIDString = 5E7448181B084A55000C6CE9;
			remoteInfo = TableViewSpike;
		};
/* End PBXContainerItemProxy section */

/* Begin PBXFileReference section */
		5E7448191B084A55000C6CE9 /* TableViewSpike.app */ = {isa = PBXFileReference; explicitFileType = wrapper.application; includeInIndex = 0; path = TableViewSpike.app; sourceTree = BUILT_PRODUCTS_DIR; };
		5E74481D1B084A55000C6CE9 /* Info.plist */ = {isa = PBXFileReference; lastKnownFileType = text.plist.xml; path = Info.plist; sourceTree = "<group>"; };
		5E74481E1B084A55000C6CE9 /* AppDelegate.swift */ = {isa = PBXFileReference; lastKnownFileType = sourcecode.swift; path = AppDelegate.swift; sourceTree = "<group>"; };
		5E7448201B084A55000C6CE9 /* ViewController.swift */ = {isa = PBXFileReference; lastKnownFileType = sourcecode.swift; path = ViewController.swift; sourceTree = "<group>"; };
		5E7448231B084A55000C6CE9 /* Base */ = {isa = PBXFileReference; lastKnownFileType = file.storyboard; name = Base; path = Base.lproj/Main.storyboard; sourceTree = "<group>"; };
		5E7448251B084A55000C6CE9 /* Images.xcassets */ = {isa = PBXFileReference; lastKnownFileType = folder.assetcatalog; path = Images.xcassets; sourceTree = "<group>"; };
		5E7448281B084A55000C6CE9 /* Base */ = {isa = PBXFileReference; lastKnownFileType = file.xib; name = Base; path = Base.lproj/LaunchScreen.xib; sourceTree = "<group>"; };
		5E74482E1B084A55000C6CE9 /* TableViewSpikeTests.xctest */ = {isa = PBXFileReference; explicitFileType = wrapper.cfbundle; includeInIndex = 0; path = TableViewSpikeTests.xctest; sourceTree = BUILT_PRODUCTS_DIR; };
		5E7448331B084A55000C6CE9 /* Info.plist */ = {isa = PBXFileReference; lastKnownFileType = text.plist.xml; path = Info.plist; sourceTree = "<group>"; };
		5E7448341B084A55000C6CE9 /* TableViewSpikeTests.swift */ = {isa = PBXFileReference; lastKnownFileType = sourcecode.swift; path = TableViewSpikeTests.swift; sourceTree = "<group>"; };
		5E7448401B0A36F0000C6CE9 /* ProgTableViewProgCellViewController.swift */ = {isa = PBXFileReference; fileEncoding = 4; lastKnownFileType = sourcecode.swift; path = ProgTableViewProgCellViewController.swift; sourceTree = "<group>"; };
		5E7448421B0A3757000C6CE9 /* Model.swift */ = {isa = PBXFileReference; fileEncoding = 4; lastKnownFileType = sourcecode.swift; path = Model.swift; sourceTree = "<group>"; };
		5E7448441B0A3F38000C6CE9 /* ProgCell.swift */ = {isa = PBXFileReference; fileEncoding = 4; lastKnownFileType = sourcecode.swift; path = ProgCell.swift; sourceTree = "<group>"; };
		5E7448461B0A3F84000C6CE9 /* NibContentView.xib */ = {isa = PBXFileReference; fileEncoding = 4; lastKnownFileType = file.xib; path = NibContentView.xib; sourceTree = "<group>"; };
		5E7448491B0A4E21000C6CE9 /* NibContentView.swift */ = {isa = PBXFileReference; fileEncoding = 4; lastKnownFileType = sourcecode.swift; path = NibContentView.swift; sourceTree = "<group>"; };
		5E74484B1B0AB097000C6CE9 /* NibContainingTableViewCell.swift */ = {isa = PBXFileReference; fileEncoding = 4; lastKnownFileType = sourcecode.swift; path = NibContainingTableViewCell.swift; sourceTree = "<group>"; };
		5E74484F1B0AB98D000C6CE9 /* NibBasedTableViewCell.xib */ = {isa = PBXFileReference; fileEncoding = 4; lastKnownFileType = file.xib; path = NibBasedTableViewCell.xib; sourceTree = "<group>"; };
		5E7448511B0ABA19000C6CE9 /* NibBasedTableViewCell.swift */ = {isa = PBXFileReference; fileEncoding = 4; lastKnownFileType = sourcecode.swift; path = NibBasedTableViewCell.swift; sourceTree = "<group>"; };
		5E7448551B0ABD15000C6CE9 /* TableViewStoryboard.storyboard */ = {isa = PBXFileReference; fileEncoding = 4; lastKnownFileType = file.storyboard; path = TableViewStoryboard.storyboard; sourceTree = "<group>"; };
		5E7448591B0AEC5D000C6CE9 /* StoryboardTableViewCell.swift */ = {isa = PBXFileReference; fileEncoding = 4; lastKnownFileType = sourcecode.swift; path = StoryboardTableViewCell.swift; sourceTree = "<group>"; };
/* End PBXFileReference section */

/* Begin PBXFrameworksBuildPhase section */
		5E7448161B084A55000C6CE9 /* Frameworks */ = {
			isa = PBXFrameworksBuildPhase;
			buildActionMask = 2147483647;
			files = (
			);
			runOnlyForDeploymentPostprocessing = 0;
		};
		5E74482B1B084A55000C6CE9 /* Frameworks */ = {
			isa = PBXFrameworksBuildPhase;
			buildActionMask = 2147483647;
			files = (
			);
			runOnlyForDeploymentPostprocessing = 0;
		};
/* End PBXFrameworksBuildPhase section */

/* Begin PBXGroup section */
		5E7448101B084A55000C6CE9 = {
			isa = PBXGroup;
			children = (
				5E74481B1B084A55000C6CE9 /* TableViewSpike */,
				5E7448311B084A55000C6CE9 /* TableViewSpikeTests */,
				5E74481A1B084A55000C6CE9 /* Products */,
			);
			sourceTree = "<group>";
		};
		5E74481A1B084A55000C6CE9 /* Products */ = {
			isa = PBXGroup;
			children = (
				5E7448191B084A55000C6CE9 /* TableViewSpike.app */,
				5E74482E1B084A55000C6CE9 /* TableViewSpikeTests.xctest */,
			);
			name = Products;
			sourceTree = "<group>";
		};
		5E74481B1B084A55000C6CE9 /* TableViewSpike */ = {
			isa = PBXGroup;
			children = (
				5E7448421B0A3757000C6CE9 /* Model.swift */,
				5E74481E1B084A55000C6CE9 /* AppDelegate.swift */,
				5E7448201B084A55000C6CE9 /* ViewController.swift */,
				5E7448221B084A55000C6CE9 /* Main.storyboard */,
				5E7448251B084A55000C6CE9 /* Images.xcassets */,
				5E7448271B084A55000C6CE9 /* LaunchScreen.xib */,
				5E74481C1B084A55000C6CE9 /* Supporting Files */,
				5E7448531B0ABCC6000C6CE9 /* ProgrammaticTableView */,
				5E7448541B0ABCF1000C6CE9 /* StoryboardTableView */,
			);
			path = TableViewSpike;
			sourceTree = "<group>";
		};
		5E74481C1B084A55000C6CE9 /* Supporting Files */ = {
			isa = PBXGroup;
			children = (
				5E74481D1B084A55000C6CE9 /* Info.plist */,
			);
			name = "Supporting Files";
			sourceTree = "<group>";
		};
		5E7448311B084A55000C6CE9 /* TableViewSpikeTests */ = {
			isa = PBXGroup;
			children = (
				5E7448341B084A55000C6CE9 /* TableViewSpikeTests.swift */,
				5E7448321B084A55000C6CE9 /* Supporting Files */,
			);
			path = TableViewSpikeTests;
			sourceTree = "<group>";
		};
		5E7448321B084A55000C6CE9 /* Supporting Files */ = {
			isa = PBXGroup;
			children = (
				5E7448331B084A55000C6CE9 /* Info.plist */,
			);
			name = "Supporting Files";
			sourceTree = "<group>";
		};
		5E7448481B0A4E07000C6CE9 /* Cell:programmatic, loading a nib */ = {
			isa = PBXGroup;
			children = (
				5E74484B1B0AB097000C6CE9 /* NibContainingTableViewCell.swift */,
				5E7448461B0A3F84000C6CE9 /* NibContentView.xib */,
				5E7448491B0A4E21000C6CE9 /* NibContentView.swift */,
			);
			name = "Cell:programmatic, loading a nib";
			sourceTree = "<group>";
		};
		5E74484D1B0AB947000C6CE9 /* Cell:programmatic */ = {
			isa = PBXGroup;
			children = (
				5E7448441B0A3F38000C6CE9 /* ProgCell.swift */,
			);
			name = "Cell:programmatic";
			sourceTree = "<group>";
		};
		5E74484E1B0AB968000C6CE9 /* Cell:nib-based */ = {
			isa = PBXGroup;
			children = (
				5E74484F1B0AB98D000C6CE9 /* NibBasedTableViewCell.xib */,
				5E7448511B0ABA19000C6CE9 /* NibBasedTableViewCell.swift */,
			);
			name = "Cell:nib-based";
			sourceTree = "<group>";
		};
		5E7448531B0ABCC6000C6CE9 /* ProgrammaticTableView */ = {
			isa = PBXGroup;
			children = (
				5E7448401B0A36F0000C6CE9 /* ProgTableViewProgCellViewController.swift */,
				5E74484D1B0AB947000C6CE9 /* Cell:programmatic */,
				5E7448481B0A4E07000C6CE9 /* Cell:programmatic, loading a nib */,
				5E74484E1B0AB968000C6CE9 /* Cell:nib-based */,
			);
			name = ProgrammaticTableView;
			sourceTree = "<group>";
		};
		5E7448541B0ABCF1000C6CE9 /* StoryboardTableView */ = {
			isa = PBXGroup;
			children = (
				5E7448551B0ABD15000C6CE9 /* TableViewStoryboard.storyboard */,
				5E7448591B0AEC5D000C6CE9 /* StoryboardTableViewCell.swift */,
			);
			name = StoryboardTableView;
			sourceTree = "<group>";
		};
/* End PBXGroup section */

/* Begin PBXNativeTarget section */
		5E7448181B084A55000C6CE9 /* TableViewSpike */ = {
			isa = PBXNativeTarget;
			buildConfigurationList = 5E7448381B084A55000C6CE9 /* Build configuration list for PBXNativeTarget "TableViewSpike" */;
			buildPhases = (
				5E7448151B084A55000C6CE9 /* Sources */,
				5E7448161B084A55000C6CE9 /* Frameworks */,
				5E7448171B084A55000C6CE9 /* Resources */,
			);
			buildRules = (
			);
			dependencies = (
			);
			name = TableViewSpike;
			productName = TableViewSpike;
			productReference = 5E7448191B084A55000C6CE9 /* TableViewSpike.app */;
			productType = "com.apple.product-type.application";
		};
		5E74482D1B084A55000C6CE9 /* TableViewSpikeTests */ = {
			isa = PBXNativeTarget;
			buildConfigurationList = 5E74483B1B084A55000C6CE9 /* Build configuration list for PBXNativeTarget "TableViewSpikeTests" */;
			buildPhases = (
				5E74482A1B084A55000C6CE9 /* Sources */,
				5E74482B1B084A55000C6CE9 /* Frameworks */,
				5E74482C1B084A55000C6CE9 /* Resources */,
			);
			buildRules = (
			);
			dependencies = (
				5E7448301B084A55000C6CE9 /* PBXTargetDependency */,
			);
			name = TableViewSpikeTests;
			productName = TableViewSpikeTests;
			productReference = 5E74482E1B084A55000C6CE9 /* TableViewSpikeTests.xctest */;
			productType = "com.apple.product-type.bundle.unit-test";
		};
/* End PBXNativeTarget section */

/* Begin PBXProject section */
		5E7448111B084A55000C6CE9 /* Project object */ = {
			isa = PBXProject;
			attributes = {
				LastUpgradeCheck = 0630;
				ORGANIZATIONNAME = "Bloom Filter";
				TargetAttributes = {
					5E7448181B084A55000C6CE9 = {
						CreatedOnToolsVersion = 6.3.1;
					};
					5E74482D1B084A55000C6CE9 = {
						CreatedOnToolsVersion = 6.3.1;
						TestTargetID = 5E7448181B084A55000C6CE9;
					};
				};
			};
			buildConfigurationList = 5E7448141B084A55000C6CE9 /* Build configuration list for PBXProject "TableViewSpike" */;
			compatibilityVersion = "Xcode 3.2";
			developmentRegion = English;
			hasScannedForEncodings = 0;
			knownRegions = (
				en,
				Base,
			);
			mainGroup = 5E7448101B084A55000C6CE9;
			productRefGroup = 5E74481A1B084A55000C6CE9 /* Products */;
			projectDirPath = "";
			projectRoot = "";
			targets = (
				5E7448181B084A55000C6CE9 /* TableViewSpike */,
				5E74482D1B084A55000C6CE9 /* TableViewSpikeTests */,
			);
		};
/* End PBXProject section */

/* Begin PBXResourcesBuildPhase section */
		5E7448171B084A55000C6CE9 /* Resources */ = {
			isa = PBXResourcesBuildPhase;
			buildActionMask = 2147483647;
			files = (
				5E7448241B084A55000C6CE9 /* Main.storyboard in Resources */,
				5E7448561B0ABD15000C6CE9 /* TableViewStoryboard.storyboard in Resources */,
				5E7448291B084A55000C6CE9 /* LaunchScreen.xib in Resources */,
				5E7448471B0A3F84000C6CE9 /* NibContentView.xib in Resources */,
				5E7448261B084A55000C6CE9 /* Images.xcassets in Resources */,
				5E7448501B0AB98D000C6CE9 /* NibBasedTableViewCell.xib in Resources */,
			);
			runOnlyForDeploymentPostprocessing = 0;
		};
		5E74482C1B084A55000C6CE9 /* Resources */ = {
			isa = PBXResourcesBuildPhase;
			buildActionMask = 2147483647;
			files = (
			);
			runOnlyForDeploymentPostprocessing = 0;
		};
/* End PBXResourcesBuildPhase section */

/* Begin PBXSourcesBuildPhase section */
		5E7448151B084A55000C6CE9 /* Sources */ = {
			isa = PBXSourcesBuildPhase;
			buildActionMask = 2147483647;
			files = (
				5E74485A1B0AEC5D000C6CE9 /* StoryboardTableViewCell.swift in Sources */,
				5E7448211B084A55000C6CE9 /* ViewController.swift in Sources */,
				5E7448521B0ABA19000C6CE9 /* NibBasedTableViewCell.swift in Sources */,
				5E7448451B0A3F38000C6CE9 /* ProgCell.swift in Sources */,
				5E74484A1B0A4E21000C6CE9 /* NibContentView.swift in Sources */,
				5E74484C1B0AB097000C6CE9 /* NibContainingTableViewCell.swift in Sources */,
				5E74481F1B084A55000C6CE9 /* AppDelegate.swift in Sources */,
				5E7448411B0A36F0000C6CE9 /* ProgTableViewProgCellViewController.swift in Sources */,
				5E7448431B0A3757000C6CE9 /* Model.swift in Sources */,
			);
			runOnlyForDeploymentPostprocessing = 0;
		};
		5E74482A1B084A55000C6CE9 /* Sources */ = {
			isa = PBXSourcesBuildPhase;
			buildActionMask = 2147483647;
			files = (
				5E7448351B084A55000C6CE9 /* TableViewSpikeTests.swift in Sources */,
			);
			runOnlyForDeploymentPostprocessing = 0;
		};
/* End PBXSourcesBuildPhase section */

/* Begin PBXTargetDependency section */
		5E7448301B084A55000C6CE9 /* PBXTargetDependency */ = {
			isa = PBXTargetDependency;
			target = 5E7448181B084A55000C6CE9 /* TableViewSpike */;
			targetProxy = 5E74482F1B084A55000C6CE9 /* PBXContainerItemProxy */;
		};
/* End PBXTargetDependency section */

/* Begin PBXVariantGroup section */
		5E7448221B084A55000C6CE9 /* Main.storyboard */ = {
			isa = PBXVariantGroup;
			children = (
				5E7448231B084A55000C6CE9 /* Base */,
			);
			name = Main.storyboard;
			sourceTree = "<group>";
		};
		5E7448271B084A55000C6CE9 /* LaunchScreen.xib */ = {
			isa = PBXVariantGroup;
			children = (
				5E7448281B084A55000C6CE9 /* Base */,
			);
			name = LaunchScreen.xib;
			sourceTree = "<group>";
		};
/* End PBXVariantGroup section */

/* Begin XCBuildConfiguration section */
		5E7448361B084A55000C6CE9 /* Debug */ = {
			isa = XCBuildConfiguration;
			buildSettings = {
				ALWAYS_SEARCH_USER_PATHS = NO;
				CLANG_CXX_LANGUAGE_STANDARD = "gnu++0x";
				CLANG_CXX_LIBRARY = "libc++";
				CLANG_ENABLE_MODULES = YES;
				CLANG_ENABLE_OBJC_ARC = YES;
				CLANG_WARN_BOOL_CONVERSION = YES;
				CLANG_WARN_CONSTANT_CONVERSION = YES;
				CLANG_WARN_DIRECT_OBJC_ISA_USAGE = YES_ERROR;
				CLANG_WARN_EMPTY_BODY = YES;
				CLANG_WARN_ENUM_CONVERSION = YES;
				CLANG_WARN_INT_CONVERSION = YES;
				CLANG_WARN_OBJC_ROOT_CLASS = YES_ERROR;
				CLANG_WARN_UNREACHABLE_CODE = YES;
				CLANG_WARN__DUPLICATE_METHOD_MATCH = YES;
				"CODE_SIGN_IDENTITY[sdk=iphoneos*]" = "iPhone Developer";
				COPY_PHASE_STRIP = NO;
				DEBUG_INFORMATION_FORMAT = "dwarf-with-dsym";
				ENABLE_STRICT_OBJC_MSGSEND = YES;
				GCC_C_LANGUAGE_STANDARD = gnu99;
				GCC_DYNAMIC_NO_PIC = NO;
				GCC_NO_COMMON_BLOCKS = YES;
				GCC_OPTIMIZATION_LEVEL = 0;
				GCC_PREPROCESSOR_DEFINITIONS = (
					"DEBUG=1",
					"$(inherited)",
				);
				GCC_SYMBOLS_PRIVATE_EXTERN = NO;
				GCC_WARN_64_TO_32_BIT_CONVERSION = YES;
				GCC_WARN_ABOUT_RETURN_TYPE = YES_ERROR;
				GCC_WARN_UNDECLARED_SELECTOR = YES;
				GCC_WARN_UNINITIALIZED_AUTOS = YES_AGGRESSIVE;
				GCC_WARN_UNUSED_FUNCTION = YES;
				GCC_WARN_UNUSED_VARIABLE = YES;
				IPHONEOS_DEPLOYMENT_TARGET = 8.3;
				MTL_ENABLE_DEBUG_INFO = YES;
				ONLY_ACTIVE_ARCH = YES;
				SDKROOT = iphoneos;
				SWIFT_OPTIMIZATION_LEVEL = "-Onone";
				TARGETED_DEVICE_FAMILY = "1,2";
			};
			name = Debug;
		};
		5E7448371B084A55000C6CE9 /* Release */ = {
			isa = XCBuildConfiguration;
			buildSettings = {
				ALWAYS_SEARCH_USER_PATHS = NO;
				CLANG_CXX_LANGUAGE_STANDARD = "gnu++0x";
				CLANG_CXX_LIBRARY = "libc++";
				CLANG_ENABLE_MODULES = YES;
				CLANG_ENABLE_OBJC_ARC = YES;
				CLANG_WARN_BOOL_CONVERSION = YES;
				CLANG_WARN_CONSTANT_CONVERSION = YES;
				CLANG_WARN_DIRECT_OBJC_ISA_USAGE = YES_ERROR;
				CLANG_WARN_EMPTY_BODY = YES;
				CLANG_WARN_ENUM_CONVERSION = YES;
				CLANG_WARN_INT_CONVERSION = YES;
				CLANG_WARN_OBJC_ROOT_CLASS = YES_ERROR;
				CLANG_WARN_UNREACHABLE_CODE = YES;
				CLANG_WARN__DUPLICATE_METHOD_MATCH = YES;
				"CODE_SIGN_IDENTITY[sdk=iphoneos*]" = "iPhone Developer";
				COPY_PHASE_STRIP = NO;
				DEBUG_INFORMATION_FORMAT = "dwarf-with-dsym";
				ENABLE_NS_ASSERTIONS = NO;
				ENABLE_STRICT_OBJC_MSGSEND = YES;
				GCC_C_LANGUAGE_STANDARD = gnu99;
				GCC_NO_COMMON_BLOCKS = YES;
				GCC_WARN_64_TO_32_BIT_CONVERSION = YES;
				GCC_WARN_ABOUT_RETURN_TYPE = YES_ERROR;
				GCC_WARN_UNDECLARED_SELECTOR = YES;
				GCC_WARN_UNINITIALIZED_AUTOS = YES_AGGRESSIVE;
				GCC_WARN_UNUSED_FUNCTION = YES;
				GCC_WARN_UNUSED_VARIABLE = YES;
				IPHONEOS_DEPLOYMENT_TARGET = 8.3;
				MTL_ENABLE_DEBUG_INFO = NO;
				SDKROOT = iphoneos;
				TARGETED_DEVICE_FAMILY = "1,2";
				VALIDATE_PRODUCT = YES;
			};
			name = Release;
		};
		5E7448391B084A55000C6CE9 /* Debug */ = {
			isa = XCBuildConfiguration;
			buildSettings = {
				ASSETCATALOG_COMPILER_APPICON_NAME = AppIcon;
				INFOPLIST_FILE = TableViewSpike/Info.plist;
				LD_RUNPATH_SEARCH_PATHS = "$(inherited) @executable_path/Frameworks";
				PRODUCT_NAME = "$(TARGET_NAME)";
			};
			name = Debug;
		};
		5E74483A1B084A55000C6CE9 /* Release */ = {
			isa = XCBuildConfiguration;
			buildSettings = {
				ASSETCATALOG_COMPILER_APPICON_NAME = AppIcon;
				INFOPLIST_FILE = TableViewSpike/Info.plist;
				LD_RUNPATH_SEARCH_PATHS = "$(inherited) @executable_path/Frameworks";
				PRODUCT_NAME = "$(TARGET_NAME)";
			};
			name = Release;
		};
		5E74483C1B084A55000C6CE9 /* Debug */ = {
			isa = XCBuildConfiguration;
			buildSettings = {
				BUNDLE_LOADER = "$(TEST_HOST)";
				FRAMEWORK_SEARCH_PATHS = (
					"$(SDKROOT)/Developer/Library/Frameworks",
					"$(inherited)",
				);
				GCC_PREPROCESSOR_DEFINITIONS = (
					"DEBUG=1",
					"$(inherited)",
				);
				INFOPLIST_FILE = TableViewSpikeTests/Info.plist;
				LD_RUNPATH_SEARCH_PATHS = "$(inherited) @executable_path/Frameworks @loader_path/Frameworks";
				PRODUCT_NAME = "$(TARGET_NAME)";
				TEST_HOST = "$(BUILT_PRODUCTS_DIR)/TableViewSpike.app/TableViewSpike";
			};
			name = Debug;
		};
		5E74483D1B084A55000C6CE9 /* Release */ = {
			isa = XCBuildConfiguration;
			buildSettings = {
				BUNDLE_LOADER = "$(TEST_HOST)";
				FRAMEWORK_SEARCH_PATHS = (
					"$(SDKROOT)/Developer/Library/Frameworks",
					"$(inherited)",
				);
				INFOPLIST_FILE = TableViewSpikeTests/Info.plist;
				LD_RUNPATH_SEARCH_PATHS = "$(inherited) @executable_path/Frameworks @loader_path/Frameworks";
				PRODUCT_NAME = "$(TARGET_NAME)";
				TEST_HOST = "$(BUILT_PRODUCTS_DIR)/TableViewSpike.app/TableViewSpike";
			};
			name = Release;
		};
/* End XCBuildConfiguration section */

/* Begin XCConfigurationList section */
		5E7448141B084A55000C6CE9 /* Build configuration list for PBXProject "TableViewSpike" */ = {
			isa = XCConfigurationList;
			buildConfigurations = (
				5E7448361B084A55000C6CE9 /* Debug */,
				5E7448371B084A55000C6CE9 /* Release */,
			);
			defaultConfigurationIsVisible = 0;
			defaultConfigurationName = Release;
		};
		5E7448381B084A55000C6CE9 /* Build configuration list for PBXNativeTarget "TableViewSpike" */ = {
			isa = XCConfigurationList;
			buildConfigurations = (
				5E7448391B084A55000C6CE9 /* Debug */,
				5E74483A1B084A55000C6CE9 /* Release */,
			);
			defaultConfigurationIsVisible = 0;
			defaultConfigurationName = Release;
		};
		5E74483B1B084A55000C6CE9 /* Build configuration list for PBXNativeTarget "TableViewSpikeTests" */ = {
			isa = XCConfigurationList;
			buildConfigurations = (
				5E74483C1B084A55000C6CE9 /* Debug */,
				5E74483D1B084A55000C6CE9 /* Release */,
			);
			defaultConfigurationIsVisible = 0;
			defaultConfigurationName = Release;
		};
/* End XCConfigurationList section */
	};
	rootObject = 5E7448111B084A55000C6CE9 /* Project object */;
}
